
Microsoft Visual Studio Solution File, Format Version 12.00
# Visual Studio 14
VisualStudioVersion = 14.0.25420.1
MinimumVisualStudioVersion = 10.0.40219.1
Project("{FAE04EC0-301F-11D3-BF4B-00C04F79EFBC}") = "AnonymousChatClient", "AnonymousChatPirates\AnonymousChatClient.csproj", "{84601446-1621-4DC5-B2D8-3E6B0EDF240F}"
EndProject
Project("{FAE04EC0-301F-11D3-BF4B-00C04F79EFBC}") = "AnonymousServer", "AnonymousServer\AnonymousServer.csproj", "{729DE6DF-F126-47EF-B795-A6B639948B47}"
EndProject
Global
	GlobalSection(SolutionConfigurationPlatforms) = preSolution
		Debug|Any CPU = Debug|Any CPU
		Release|Any CPU = Release|Any CPU
	EndGlobalSection
	GlobalSection(ProjectConfigurationPlatforms) = postSolution
		{84601446-1621-4DC5-B2D8-3E6B0EDF240F}.Debug|Any CPU.ActiveCfg = Debug|Any CPU
		{84601446-1621-4DC5-B2D8-3E6B0EDF240F}.Debug|Any CPU.Build.0 = Debug|Any CPU
		{84601446-1621-4DC5-B2D8-3E6B0EDF240F}.Release|Any CPU.ActiveCfg = Release|Any CPU
		{84601446-1621-4DC5-B2D8-3E6B0EDF240F}.Release|Any CPU.Build.0 = Release|Any CPU
		{729DE6DF-F126-47EF-B795-A6B639948B47}.Debug|Any CPU.ActiveCfg = Debug|Any CPU
		{729DE6DF-F126-47EF-B795-A6B639948B47}.Debug|Any CPU.Build.0 = Debug|Any CPU
		{729DE6DF-F126-47EF-B795-A6B639948B47}.Release|Any CPU.ActiveCfg = Release|Any CPU
		{729DE6DF-F126-47EF-B795-A6B639948B47}.Release|Any CPU.Build.0 = Release|Any CPU
	EndGlobalSection
	GlobalSection(SolutionProperties) = preSolution
		HideSolutionNode = FALSE
	EndGlobalSection
EndGlobal
